
Microsoft Visual Studio Solution File, Format Version 12.00
# Visual Studio Version 17
VisualStudioVersion = 17.6.33723.286
MinimumVisualStudioVersion = 10.0.40219.1
Project("{FAE04EC0-301F-11D3-BF4B-00C04F79EFBC}") = "IPMEDTH.Backend", "IPMEDTH.Backend\IPMEDTH.Backend.csproj", "{7CDAEE77-4668-41C5-85D9-6D416DC143D6}"
EndProject
Project("{FAE04EC0-301F-11D3-BF4B-00C04F79EFBC}") = "IPMEDTH.Domain", "IPMEDTH.Domain\IPMEDTH.Domain.csproj", "{9C1D829D-6E4D-4148-9559-26DD0421FE3E}"
EndProject
Project("{2150E333-8FDC-42A3-9474-1A3956D46DE8}") = "Tests", "Tests", "{ADB1993C-5EE5-4C6F-B18E-F42389A6E175}"
EndProject
Project("{FAE04EC0-301F-11D3-BF4B-00C04F79EFBC}") = "IPMEDTH.Tests", "IPMEDTH.Tests\IPMEDTH.Tests.csproj", "{D340B40B-139D-4149-8509-4A8091C00352}"
EndProject
Global
	GlobalSection(SolutionConfigurationPlatforms) = preSolution
		Debug|Any CPU = Debug|Any CPU
		Release|Any CPU = Release|Any CPU
	EndGlobalSection
	GlobalSection(ProjectConfigurationPlatforms) = postSolution
		{7CDAEE77-4668-41C5-85D9-6D416DC143D6}.Debug|Any CPU.ActiveCfg = Debug|Any CPU
		{7CDAEE77-4668-41C5-85D9-6D416DC143D6}.Debug|Any CPU.Build.0 = Debug|Any CPU
		{7CDAEE77-4668-41C5-85D9-6D416DC143D6}.Release|Any CPU.ActiveCfg = Release|Any CPU
		{7CDAEE77-4668-41C5-85D9-6D416DC143D6}.Release|Any CPU.Build.0 = Release|Any CPU
		{9C1D829D-6E4D-4148-9559-26DD0421FE3E}.Debug|Any CPU.ActiveCfg = Debug|Any CPU
		{9C1D829D-6E4D-4148-9559-26DD0421FE3E}.Debug|Any CPU.Build.0 = Debug|Any CPU
		{9C1D829D-6E4D-4148-9559-26DD0421FE3E}.Release|Any CPU.ActiveCfg = Release|Any CPU
		{9C1D829D-6E4D-4148-9559-26DD0421FE3E}.Release|Any CPU.Build.0 = Release|Any CPU
		{D340B40B-139D-4149-8509-4A8091C00352}.Debug|Any CPU.ActiveCfg = Debug|Any CPU
		{D340B40B-139D-4149-8509-4A8091C00352}.Debug|Any CPU.Build.0 = Debug|Any CPU
		{D340B40B-139D-4149-8509-4A8091C00352}.Release|Any CPU.ActiveCfg = Release|Any CPU
		{D340B40B-139D-4149-8509-4A8091C00352}.Release|Any CPU.Build.0 = Release|Any CPU
	EndGlobalSection
	GlobalSection(SolutionProperties) = preSolution
		HideSolutionNode = FALSE
	EndGlobalSection
	GlobalSection(NestedProjects) = preSolution
		{D340B40B-139D-4149-8509-4A8091C00352} = {ADB1993C-5EE5-4C6F-B18E-F42389A6E175}
	EndGlobalSection
	GlobalSection(ExtensibilityGlobals) = postSolution
		SolutionGuid = {7F9ED262-C92F-4AFF-BF08-FD5BB7AD0F16}
	EndGlobalSection
EndGlobal
